PODS:
  - Alamofire (1.1.4)
  - AsyncDisplayKit (1.1.1):
    - AsyncDisplayKit/ASDealloc2MainObject (= 1.1.1)
  - AsyncDisplayKit/ASDealloc2MainObject (1.1.1)
  - Bolts (1.1.4)
  - ChameleonFramework (1.1.2)
  - pop (1.0.7)
  - Realm (0.91.1):
    - Realm/Headers (= 0.91.1)
  - Realm/Headers (0.91.1)
  - Snap (0.9.2)
  - youtube-ios-player-helper (0.1.1)

DEPENDENCIES:
  - Alamofire (= 1.1.4)
  - AsyncDisplayKit (from `git@github.com:facebook/AsyncDisplayKit.git`)
  - Bolts (= 1.1.4)
  - ChameleonFramework (= 1.1.2)
  - pop (= 1.0.7)
  - Realm (= 0.91.1)
  - Snap (= 0.9.2)
  - youtube-ios-player-helper (= 0.1.1)

EXTERNAL SOURCES:
  AsyncDisplayKit:
    :git: git@github.com:facebook/AsyncDisplayKit.git

CHECKOUT OPTIONS:
  AsyncDisplayKit:
    :commit: 01e7d09a26abe61ab20510df876c64f9aec223e0
    :git: git@github.com:facebook/AsyncDisplayKit.git

SPEC CHECKSUMS:
  Alamofire: 6a2cbaebe78a6d469bc55ee37f0a24ba22af76ac
  AsyncDisplayKit: 2c355970d1aabe00608211d9a50e35b7a5dc0ae4
  Bolts: f8e2f94edbf9fec7bb8de5ecaaa3aa6b7de6f64e
  ChameleonFramework: 1b4588efcae564886e1a176fa02fb0f4c81a69b3
  pop: 628ffc631644601567ee8bfaaaea493ebd7d0923
  Realm: b9c1fd9defa26aa7276ce938a8df52ec81f24528
  Snap: 7318f07bc3d43adb0706f36ede18fa18d2347037
  youtube-ios-player-helper: d7350b9f9070edf482e5d0bd5e8948c0ba1437f3

COCOAPODS: 0.36.3
