// !$*UTF8*$!
{
	archiveVersion = 1;
	classes = {
	};
	objectVersion = 46;
	objects = {

/* Begin PBXBuildFile section */
		023156C01AD2383A00EB1876 /* APIClient.swift in Sources */ = {isa = PBXBuildFile; fileRef = 023156BF1AD2383A00EB1876 /* APIClient.swift */; };
		023156C21AD2392D00EB1876 /* Router.swift in Sources */ = {isa = PBXBuildFile; fileRef = 023156C11AD2392D00EB1876 /* Router.swift */; };
		0245A00F1AD4CD0300842C2F /* GradientNode.swift in Sources */ = {isa = PBXBuildFile; fileRef = 0245A00E1AD4CD0300842C2F /* GradientNode.swift */; };
		024F62881AD4C19100B1C47F /* NSDateExtensions.swift in Sources */ = {isa = PBXBuildFile; fileRef = 024F62871AD4C19100B1C47F /* NSDateExtensions.swift */; };
		025AA5BC1AD25B5B0087F260 /* VideoItem.swift in Sources */ = {isa = PBXBuildFile; fileRef = 025AA5BB1AD25B5B0087F260 /* VideoItem.swift */; };
		025AA5BE1AD261510087F260 /* Thumbnail.swift in Sources */ = {isa = PBXBuildFile; fileRef = 025AA5BD1AD261510087F260 /* Thumbnail.swift */; };
		029880C91AD21ED80015CEB7 /* AppDelegate.swift in Sources */ = {isa = PBXBuildFile; fileRef = 029880C81AD21ED80015CEB7 /* AppDelegate.swift */; };
		029880CB1AD21ED80015CEB7 /* ViewController.swift in Sources */ = {isa = PBXBuildFile; fileRef = 029880CA1AD21ED80015CEB7 /* ViewController.swift */; };
		029880CE1AD21ED80015CEB7 /* Main.storyboard in Resources */ = {isa = PBXBuildFile; fileRef = 029880CC1AD21ED80015CEB7 /* Main.storyboard */; };
		029880D01AD21ED80015CEB7 /* Images.xcassets in Resources */ = {isa = PBXBuildFile; fileRef = 029880CF1AD21ED80015CEB7 /* Images.xcassets */; };
		029880D31AD21ED80015CEB7 /* LaunchScreen.xib in Resources */ = {isa = PBXBuildFile; fileRef = 029880D11AD21ED80015CEB7 /* LaunchScreen.xib */; };
		029880DF1AD21ED80015CEB7 /* YoutubePlayerTests.swift in Sources */ = {isa = PBXBuildFile; fileRef = 029880DE1AD21ED80015CEB7 /* YoutubePlayerTests.swift */; };
		02D8E1E91AD26C2C0037A578 /* SwiftyJSON.swift in Sources */ = {isa = PBXBuildFile; fileRef = 02D8E1E81AD26C2C0037A578 /* SwiftyJSON.swift */; };
		02D8E1EB1AD293E40037A578 /* ModelSerializable.swift in Sources */ = {isa = PBXBuildFile; fileRef = 02D8E1EA1AD293E40037A578 /* ModelSerializable.swift */; };
		02E0E71F1AD369C100F6180D /* FeedViewModel.swift in Sources */ = {isa = PBXBuildFile; fileRef = 02E0E71E1AD369C100F6180D /* FeedViewModel.swift */; };
		02E0E7211AD3749C00F6180D /* FeedItemViewModel.swift in Sources */ = {isa = PBXBuildFile; fileRef = 02E0E7201AD3749C00F6180D /* FeedItemViewModel.swift */; };
		02E0E7271AD387A500F6180D /* FeedViewController.swift in Sources */ = {isa = PBXBuildFile; fileRef = 02E0E7261AD387A500F6180D /* FeedViewController.swift */; };
		02E0E7291AD388A300F6180D /* FeedVideoNode.swift in Sources */ = {isa = PBXBuildFile; fileRef = 02E0E7281AD388A300F6180D /* FeedVideoNode.swift */; };
		32C6EB45AD045EAA50751E81 /* Pods.framework in Frameworks */ = {isa = PBXBuildFile; fileRef = B4776F3F0AE8524FC608F619 /* Pods.framework */; settings = {ATTRIBUTES = (Weak, ); }; };
/* End PBXBuildFile section */

/* Begin PBXContainerItemProxy section */
		029880D91AD21ED80015CEB7 /* PBXContainerItemProxy */ = {
			isa = PBXContainerItemProxy;
			containerPortal = 029880BB1AD21ED70015CEB7 /* Project object */;
			proxyType = 1;
			remoteGlobalIDString = 029880C21AD21ED70015CEB7;
			remoteInfo = YoutubePlayer;
		};
/* End PBXContainerItemProxy section */

/* Begin PBXFileReference section */
		023156BF1AD2383A00EB1876 /* APIClient.swift */ = {isa = PBXFileReference; fileEncoding = 4; lastKnownFileType = sourcecode.swift; name = APIClient.swift; path = Utilities/APIClient.swift; sourceTree = "<group>"; };
		023156C11AD2392D00EB1876 /* Router.swift */ = {isa = PBXFileReference; fileEncoding = 4; lastKnownFileType = sourcecode.swift; name = Router.swift; path = Utilities/Router.swift; sourceTree = "<group>"; };
		0245A00E1AD4CD0300842C2F /* GradientNode.swift */ = {isa = PBXFileReference; fileEncoding = 4; lastKnownFileType = sourcecode.swift; name = GradientNode.swift; path = Views/Nodes/GradientNode.swift; sourceTree = "<group>"; };
		024F62871AD4C19100B1C47F /* NSDateExtensions.swift */ = {isa = PBXFileReference; fileEncoding = 4; lastKnownFileType = sourcecode.swift; name = NSDateExtensions.swift; path = Utilities/NSDateExtensions.swift; sourceTree = "<group>"; };
		025AA5BB1AD25B5B0087F260 /* VideoItem.swift */ = {isa = PBXFileReference; fileEncoding = 4; lastKnownFileType = sourcecode.swift; name = VideoItem.swift; path = Models/VideoItem.swift; sourceTree = "<group>"; };
		025AA5BD1AD261510087F260 /* Thumbnail.swift */ = {isa = PBXFileReference; fileEncoding = 4; lastKnownFileType = sourcecode.swift; name = Thumbnail.swift; path = Models/Thumbnail.swift; sourceTree = "<group>"; };
		029880C31AD21ED70015CEB7 /* YoutubePlayer.app */ = {isa = PBXFileReference; explicitFileType = wrapper.application; includeInIndex = 0; path = YoutubePlayer.app; sourceTree = BUILT_PRODUCTS_DIR; };
		029880C71AD21ED80015CEB7 /* Info.plist */ = {isa = PBXFileReference; lastKnownFileType = text.plist.xml; path = Info.plist; sourceTree = "<group>"; };
		029880C81AD21ED80015CEB7 /* AppDelegate.swift */ = {isa = PBXFileReference; lastKnownFileType = sourcecode.swift; path = AppDelegate.swift; sourceTree = "<group>"; };
		029880CA1AD21ED80015CEB7 /* ViewController.swift */ = {isa = PBXFileReference; lastKnownFileType = sourcecode.swift; path = ViewController.swift; sourceTree = "<group>"; };
		029880CD1AD21ED80015CEB7 /* Base */ = {isa = PBXFileReference; lastKnownFileType = file.storyboard; name = Base; path = Base.lproj/Main.storyboard; sourceTree = "<group>"; };
		029880CF1AD21ED80015CEB7 /* Images.xcassets */ = {isa = PBXFileReference; lastKnownFileType = folder.assetcatalog; path = Images.xcassets; sourceTree = "<group>"; };
		029880D21AD21ED80015CEB7 /* Base */ = {isa = PBXFileReference; lastKnownFileType = file.xib; name = Base; path = Base.lproj/LaunchScreen.xib; sourceTree = "<group>"; };
		029880D81AD21ED80015CEB7 /* YoutubePlayerTests.xctest */ = {isa = PBXFileReference; explicitFileType = wrapper.cfbundle; includeInIndex = 0; path = YoutubePlayerTests.xctest; sourceTree = BUILT_PRODUCTS_DIR; };
		029880DD1AD21ED80015CEB7 /* Info.plist */ = {isa = PBXFileReference; lastKnownFileType = text.plist.xml; path = Info.plist; sourceTree = "<group>"; };
		029880DE1AD21ED80015CEB7 /* YoutubePlayerTests.swift */ = {isa = PBXFileReference; lastKnownFileType = sourcecode.swift; path = YoutubePlayerTests.swift; sourceTree = "<group>"; };
		029880E81AD21F870015CEB7 /* ja */ = {isa = PBXFileReference; lastKnownFileType = text.plist.strings; name = ja; path = ja.lproj/Main.strings; sourceTree = "<group>"; };
		029880E91AD21F870015CEB7 /* ja */ = {isa = PBXFileReference; lastKnownFileType = text.plist.strings; name = ja; path = ja.lproj/LaunchScreen.strings; sourceTree = "<group>"; };
		02D8E1E81AD26C2C0037A578 /* SwiftyJSON.swift */ = {isa = PBXFileReference; fileEncoding = 4; lastKnownFileType = sourcecode.swift; name = SwiftyJSON.swift; path = Submodules/SwiftyJSON/Source/SwiftyJSON.swift; sourceTree = "<group>"; };
		02D8E1EA1AD293E40037A578 /* ModelSerializable.swift */ = {isa = PBXFileReference; fileEncoding = 4; lastKnownFileType = sourcecode.swift; name = ModelSerializable.swift; path = Models/ModelSerializable.swift; sourceTree = "<group>"; };
		02E0E71E1AD369C100F6180D /* FeedViewModel.swift */ = {isa = PBXFileReference; fileEncoding = 4; lastKnownFileType = sourcecode.swift; name = FeedViewModel.swift; path = ViewModels/FeedViewModel.swift; sourceTree = "<group>"; };
		02E0E7201AD3749C00F6180D /* FeedItemViewModel.swift */ = {isa = PBXFileReference; fileEncoding = 4; lastKnownFileType = sourcecode.swift; name = FeedItemViewModel.swift; path = ViewModels/FeedItemViewModel.swift; sourceTree = "<group>"; };
		02E0E7261AD387A500F6180D /* FeedViewController.swift */ = {isa = PBXFileReference; fileEncoding = 4; lastKnownFileType = sourcecode.swift; name = FeedViewController.swift; path = Views/Controllers/FeedViewController.swift; sourceTree = "<group>"; };
		02E0E7281AD388A300F6180D /* FeedVideoNode.swift */ = {isa = PBXFileReference; fileEncoding = 4; lastKnownFileType = sourcecode.swift; name = FeedVideoNode.swift; path = Views/CellNodes/FeedVideoNode.swift; sourceTree = "<group>"; };
		1AD0A01181C84118EB5319C3 /* Pods.release.xcconfig */ = {isa = PBXFileReference; includeInIndex = 1; lastKnownFileType = text.xcconfig; name = Pods.release.xcconfig; path = "Pods/Target Support Files/Pods/Pods.release.xcconfig"; sourceTree = "<group>"; };
		2E4FD07D44D8F06036A412C4 /* Pods.debug.xcconfig */ = {isa = PBXFileReference; includeInIndex = 1; lastKnownFileType = text.xcconfig; name = Pods.debug.xcconfig; path = "Pods/Target Support Files/Pods/Pods.debug.xcconfig"; sourceTree = "<group>"; };
		B4776F3F0AE8524FC608F619 /* Pods.framework */ = {isa = PBXFileReference; explicitFileType = wrapper.framework; includeInIndex = 0; path = Pods.framework; sourceTree = BUILT_PRODUCTS_DIR; };
/* End PBXFileReference section */

/* Begin PBXFrameworksBuildPhase section */
		029880C01AD21ED70015CEB7 /* Frameworks */ = {
			isa = PBXFrameworksBuildPhase;
			buildActionMask = 2147483647;
			files = (
				32C6EB45AD045EAA50751E81 /* Pods.framework in Frameworks */,
			);
			runOnlyForDeploymentPostprocessing = 0;
		};
		029880D51AD21ED80015CEB7 /* Frameworks */ = {
			isa = PBXFrameworksBuildPhase;
			buildActionMask = 2147483647;
			files = (
			);
			runOnlyForDeploymentPostprocessing = 0;
		};
/* End PBXFrameworksBuildPhase section */

/* Begin PBXGroup section */
		023156BE1AD237C800EB1876 /* Utilities */ = {
			isa = PBXGroup;
			children = (
				023156BF1AD2383A00EB1876 /* APIClient.swift */,
				023156C11AD2392D00EB1876 /* Router.swift */,
				024F62871AD4C19100B1C47F /* NSDateExtensions.swift */,
			);
			name = Utilities;
			sourceTree = "<group>";
		};
		0245A00D1AD4CCE700842C2F /* Nodes */ = {
			isa = PBXGroup;
			children = (
				0245A00E1AD4CD0300842C2F /* GradientNode.swift */,
			);
			name = Nodes;
			sourceTree = "<group>";
		};
		025AA5BA1AD25A980087F260 /* Models */ = {
			isa = PBXGroup;
			children = (
				025AA5BB1AD25B5B0087F260 /* VideoItem.swift */,
				025AA5BD1AD261510087F260 /* Thumbnail.swift */,
				02D8E1EA1AD293E40037A578 /* ModelSerializable.swift */,
			);
			name = Models;
			sourceTree = "<group>";
		};
		029880BA1AD21ED70015CEB7 = {
			isa = PBXGroup;
			children = (
				029880C51AD21ED70015CEB7 /* YoutubePlayer */,
				029880DB1AD21ED80015CEB7 /* YoutubePlayerTests */,
				029880C41AD21ED70015CEB7 /* Products */,
				9958FCF786CDD689765A1032 /* Pods */,
				02D8E1E61AD26C0A0037A578 /* Submodules */,
				243A5144CEFEF894AE2A37F4 /* Frameworks */,
			);
			sourceTree = "<group>";
		};
		029880C41AD21ED70015CEB7 /* Products */ = {
			isa = PBXGroup;
			children = (
				029880C31AD21ED70015CEB7 /* YoutubePlayer.app */,
				029880D81AD21ED80015CEB7 /* YoutubePlayerTests.xctest */,
			);
			name = Products;
			sourceTree = "<group>";
		};
		029880C51AD21ED70015CEB7 /* YoutubePlayer */ = {
			isa = PBXGroup;
			children = (
				02E0E7221AD386BC00F6180D /* Views */,
				02E0E71D1AD369A500F6180D /* ViewModels */,
				025AA5BA1AD25A980087F260 /* Models */,
				023156BE1AD237C800EB1876 /* Utilities */,
				029880C81AD21ED80015CEB7 /* AppDelegate.swift */,
				029880CA1AD21ED80015CEB7 /* ViewController.swift */,
				029880CC1AD21ED80015CEB7 /* Main.storyboard */,
				029880CF1AD21ED80015CEB7 /* Images.xcassets */,
				029880D11AD21ED80015CEB7 /* LaunchScreen.xib */,
				029880C61AD21ED80015CEB7 /* Supporting Files */,
			);
			path = YoutubePlayer;
			sourceTree = "<group>";
		};
		029880C61AD21ED80015CEB7 /* Supporting Files */ = {
			isa = PBXGroup;
			children = (
				029880C71AD21ED80015CEB7 /* Info.plist */,
			);
			name = "Supporting Files";
			sourceTree = "<group>";
		};
		029880DB1AD21ED80015CEB7 /* YoutubePlayerTests */ = {
			isa = PBXGroup;
			children = (
				029880DE1AD21ED80015CEB7 /* YoutubePlayerTests.swift */,
				029880DC1AD21ED80015CEB7 /* Supporting Files */,
			);
			path = YoutubePlayerTests;
			sourceTree = "<group>";
		};
		029880DC1AD21ED80015CEB7 /* Supporting Files */ = {
			isa = PBXGroup;
			children = (
				029880DD1AD21ED80015CEB7 /* Info.plist */,
			);
			name = "Supporting Files";
			sourceTree = "<group>";
		};
		02D8E1E61AD26C0A0037A578 /* Submodules */ = {
			isa = PBXGroup;
			children = (
				02D8E1E71AD26C1B0037A578 /* SwiftyJSON */,
			);
			name = Submodules;
			sourceTree = "<group>";
		};
		02D8E1E71AD26C1B0037A578 /* SwiftyJSON */ = {
			isa = PBXGroup;
			children = (
				02D8E1E81AD26C2C0037A578 /* SwiftyJSON.swift */,
			);
			name = SwiftyJSON;
			sourceTree = "<group>";
		};
		02E0E71D1AD369A500F6180D /* ViewModels */ = {
			isa = PBXGroup;
			children = (
				02E0E71E1AD369C100F6180D /* FeedViewModel.swift */,
				02E0E7201AD3749C00F6180D /* FeedItemViewModel.swift */,
			);
			name = ViewModels;
			sourceTree = "<group>";
		};
		02E0E7221AD386BC00F6180D /* Views */ = {
			isa = PBXGroup;
			children = (
				0245A00D1AD4CCE700842C2F /* Nodes */,
				02E0E7251AD386E400F6180D /* CellNodes */,
				02E0E7241AD386DF00F6180D /* Views */,
				02E0E7231AD386D900F6180D /* Controllers */,
			);
			name = Views;
			sourceTree = "<group>";
		};
		02E0E7231AD386D900F6180D /* Controllers */ = {
			isa = PBXGroup;
			children = (
				02E0E7261AD387A500F6180D /* FeedViewController.swift */,
			);
			name = Controllers;
			sourceTree = "<group>";
		};
		02E0E7241AD386DF00F6180D /* Views */ = {
			isa = PBXGroup;
			children = (
			);
			name = Views;
			sourceTree = "<group>";
		};
		02E0E7251AD386E400F6180D /* CellNodes */ = {
			isa = PBXGroup;
			children = (
				02E0E7281AD388A300F6180D /* FeedVideoNode.swift */,
			);
			name = CellNodes;
			sourceTree = "<group>";
		};
		243A5144CEFEF894AE2A37F4 /* Frameworks */ = {
			isa = PBXGroup;
			children = (
				B4776F3F0AE8524FC608F619 /* Pods.framework */,
			);
			name = Frameworks;
			sourceTree = "<group>";
		};
		9958FCF786CDD689765A1032 /* Pods */ = {
			isa = PBXGroup;
			children = (
				2E4FD07D44D8F06036A412C4 /* Pods.debug.xcconfig */,
				1AD0A01181C84118EB5319C3 /* Pods.release.xcconfig */,
			);
			name = Pods;
			sourceTree = "<group>";
		};
/* End PBXGroup section */

/* Begin PBXNativeTarget section */
		029880C21AD21ED70015CEB7 /* YoutubePlayer */ = {
			isa = PBXNativeTarget;
			buildConfigurationList = 029880E21AD21ED80015CEB7 /* Build configuration list for PBXNativeTarget "YoutubePlayer" */;
			buildPhases = (
				18EFF929A92591782F074B53 /* Check Pods Manifest.lock */,
				029880BF1AD21ED70015CEB7 /* Sources */,
				029880C01AD21ED70015CEB7 /* Frameworks */,
				029880C11AD21ED70015CEB7 /* Resources */,
				DC5CCBA01BC6E423370FA752 /* Embed Pods Frameworks */,
				CFDB2FFEAB62CF2B2F2C1CF4 /* Copy Pods Resources */,
			);
			buildRules = (
			);
			dependencies = (
			);
			name = YoutubePlayer;
			productName = YoutubePlayer;
			productReference = 029880C31AD21ED70015CEB7 /* YoutubePlayer.app */;
			productType = "com.apple.product-type.application";
		};
		029880D71AD21ED80015CEB7 /* YoutubePlayerTests */ = {
			isa = PBXNativeTarget;
			buildConfigurationList = 029880E51AD21ED80015CEB7 /* Build configuration list for PBXNativeTarget "YoutubePlayerTests" */;
			buildPhases = (
				029880D41AD21ED80015CEB7 /* Sources */,
				029880D51AD21ED80015CEB7 /* Frameworks */,
				029880D61AD21ED80015CEB7 /* Resources */,
			);
			buildRules = (
			);
			dependencies = (
				029880DA1AD21ED80015CEB7 /* PBXTargetDependency */,
			);
			name = YoutubePlayerTests;
			productName = YoutubePlayerTests;
			productReference = 029880D81AD21ED80015CEB7 /* YoutubePlayerTests.xctest */;
			productType = "com.apple.product-type.bundle.unit-test";
		};
/* End PBXNativeTarget section */

/* Begin PBXProject section */
		029880BB1AD21ED70015CEB7 /* Project object */ = {
			isa = PBXProject;
			attributes = {
				LastUpgradeCheck = 0620;
				ORGANIZATIONNAME = "Ryoichi Hara";
				TargetAttributes = {
					029880C21AD21ED70015CEB7 = {
						CreatedOnToolsVersion = 6.2;
						DevelopmentTeam = 9Y6KN5AA6R;
					};
					029880D71AD21ED80015CEB7 = {
						CreatedOnToolsVersion = 6.2;
						TestTargetID = 029880C21AD21ED70015CEB7;
					};
				};
			};
			buildConfigurationList = 029880BE1AD21ED70015CEB7 /* Build configuration list for PBXProject "YoutubePlayer" */;
			compatibilityVersion = "Xcode 3.2";
			developmentRegion = English;
			hasScannedForEncodings = 0;
			knownRegions = (
				en,
				Base,
			);
			mainGroup = 029880BA1AD21ED70015CEB7;
			productRefGroup = 029880C41AD21ED70015CEB7 /* Products */;
			projectDirPath = "";
			projectRoot = "";
			targets = (
				029880C21AD21ED70015CEB7 /* YoutubePlayer */,
				029880D71AD21ED80015CEB7 /* YoutubePlayerTests */,
			);
		};
/* End PBXProject section */

/* Begin PBXResourcesBuildPhase section */
		029880C11AD21ED70015CEB7 /* Resources */ = {
			isa = PBXResourcesBuildPhase;
			buildActionMask = 2147483647;
			files = (
				029880CE1AD21ED80015CEB7 /* Main.storyboard in Resources */,
				029880D31AD21ED80015CEB7 /* LaunchScreen.xib in Resources */,
				029880D01AD21ED80015CEB7 /* Images.xcassets in Resources */,
			);
			runOnlyForDeploymentPostprocessing = 0;
		};
		029880D61AD21ED80015CEB7 /* Resources */ = {
			isa = PBXResourcesBuildPhase;
			buildActionMask = 2147483647;
			files = (
			);
			runOnlyForDeploymentPostprocessing = 0;
		};
/* End PBXResourcesBuildPhase section */

/* Begin PBXShellScriptBuildPhase section */
		18EFF929A92591782F074B53 /* Check Pods Manifest.lock */ = {
			isa = PBXShellScriptBuildPhase;
			buildActionMask = 2147483647;
			files = (
			);
			inputPaths = (
			);
			name = "Check Pods Manifest.lock";
			outputPaths = (
			);
			runOnlyForDeploymentPostprocessing = 0;
			shellPath = /bin/sh;
			shellScript = "diff \"${PODS_ROOT}/../Podfile.lock\" \"${PODS_ROOT}/Manifest.lock\" > /dev/null\nif [[ $? != 0 ]] ; then\n    cat << EOM\nerror: The sandbox is not in sync with the Podfile.lock. Run 'pod install' or update your CocoaPods installation.\nEOM\n    exit 1\nfi\n";
			showEnvVarsInLog = 0;
		};
		CFDB2FFEAB62CF2B2F2C1CF4 /* Copy Pods Resources */ = {
			isa = PBXShellScriptBuildPhase;
			buildActionMask = 2147483647;
			files = (
			);
			inputPaths = (
			);
			name = "Copy Pods Resources";
			outputPaths = (
			);
			runOnlyForDeploymentPostprocessing = 0;
			shellPath = /bin/sh;
			shellScript = "\"${SRCROOT}/Pods/Target Support Files/Pods/Pods-resources.sh\"\n";
			showEnvVarsInLog = 0;
		};
		DC5CCBA01BC6E423370FA752 /* Embed Pods Frameworks */ = {
			isa = PBXShellScriptBuildPhase;
			buildActionMask = 2147483647;
			files = (
			);
			inputPaths = (
			);
			name = "Embed Pods Frameworks";
			outputPaths = (
			);
			runOnlyForDeploymentPostprocessing = 0;
			shellPath = /bin/sh;
			shellScript = "\"${SRCROOT}/Pods/Target Support Files/Pods/Pods-frameworks.sh\"\n";
			showEnvVarsInLog = 0;
		};
/* End PBXShellScriptBuildPhase section */

/* Begin PBXSourcesBuildPhase section */
		029880BF1AD21ED70015CEB7 /* Sources */ = {
			isa = PBXSourcesBuildPhase;
			buildActionMask = 2147483647;
			files = (
				025AA5BC1AD25B5B0087F260 /* VideoItem.swift in Sources */,
				023156C21AD2392D00EB1876 /* Router.swift in Sources */,
				02D8E1EB1AD293E40037A578 /* ModelSerializable.swift in Sources */,
				0245A00F1AD4CD0300842C2F /* GradientNode.swift in Sources */,
				02E0E7211AD3749C00F6180D /* FeedItemViewModel.swift in Sources */,
				024F62881AD4C19100B1C47F /* NSDateExtensions.swift in Sources */,
				025AA5BE1AD261510087F260 /* Thumbnail.swift in Sources */,
				029880CB1AD21ED80015CEB7 /* ViewController.swift in Sources */,
				029880C91AD21ED80015CEB7 /* AppDelegate.swift in Sources */,
				02E0E7271AD387A500F6180D /* FeedViewController.swift in Sources */,
				02D8E1E91AD26C2C0037A578 /* SwiftyJSON.swift in Sources */,
				023156C01AD2383A00EB1876 /* APIClient.swift in Sources */,
				02E0E71F1AD369C100F6180D /* FeedViewModel.swift in Sources */,
				02E0E7291AD388A300F6180D /* FeedVideoNode.swift in Sources */,
			);
			runOnlyForDeploymentPostprocessing = 0;
		};
		029880D41AD21ED80015CEB7 /* Sources */ = {
			isa = PBXSourcesBuildPhase;
			buildActionMask = 2147483647;
			files = (
				029880DF1AD21ED80015CEB7 /* YoutubePlayerTests.swift in Sources */,
			);
			runOnlyForDeploymentPostprocessing = 0;
		};
/* End PBXSourcesBuildPhase section */

/* Begin PBXTargetDependency section */
		029880DA1AD21ED80015CEB7 /* PBXTargetDependency */ = {
			isa = PBXTargetDependency;
			target = 029880C21AD21ED70015CEB7 /* YoutubePlayer */;
			targetProxy = 029880D91AD21ED80015CEB7 /* PBXContainerItemProxy */;
		};
/* End PBXTargetDependency section */

/* Begin PBXVariantGroup section */
		029880CC1AD21ED80015CEB7 /* Main.storyboard */ = {
			isa = PBXVariantGroup;
			children = (
				029880CD1AD21ED80015CEB7 /* Base */,
				029880E81AD21F870015CEB7 /* ja */,
			);
			name = Main.storyboard;
			sourceTree = "<group>";
		};
		029880D11AD21ED80015CEB7 /* LaunchScreen.xib */ = {
			isa = PBXVariantGroup;
			children = (
				029880D21AD21ED80015CEB7 /* Base */,
				029880E91AD21F870015CEB7 /* ja */,
			);
			name = LaunchScreen.xib;
			sourceTree = "<group>";
		};
/* End PBXVariantGroup section */

/* Begin XCBuildConfiguration section */
		029880E01AD21ED80015CEB7 /* Debug */ = {
			isa = XCBuildConfiguration;
			buildSettings = {
				ALWAYS_SEARCH_USER_PATHS = NO;
				CLANG_CXX_LANGUAGE_STANDARD = "gnu++0x";
				CLANG_CXX_LIBRARY = "libc++";
				CLANG_ENABLE_MODULES = YES;
				CLANG_ENABLE_OBJC_ARC = YES;
				CLANG_WARN_BOOL_CONVERSION = YES;
				CLANG_WARN_CONSTANT_CONVERSION = YES;
				CLANG_WARN_DIRECT_OBJC_ISA_USAGE = YES_ERROR;
				CLANG_WARN_EMPTY_BODY = YES;
				CLANG_WARN_ENUM_CONVERSION = YES;
				CLANG_WARN_INT_CONVERSION = YES;
				CLANG_WARN_OBJC_ROOT_CLASS = YES_ERROR;
				CLANG_WARN_UNREACHABLE_CODE = YES;
				CLANG_WARN__DUPLICATE_METHOD_MATCH = YES;
				"CODE_SIGN_IDENTITY[sdk=iphoneos*]" = "iPhone Developer";
				COPY_PHASE_STRIP = NO;
				ENABLE_STRICT_OBJC_MSGSEND = YES;
				GCC_C_LANGUAGE_STANDARD = gnu99;
				GCC_DYNAMIC_NO_PIC = NO;
				GCC_OPTIMIZATION_LEVEL = 0;
				GCC_PREPROCESSOR_DEFINITIONS = (
					"DEBUG=1",
					"$(inherited)",
				);
				GCC_SYMBOLS_PRIVATE_EXTERN = NO;
				GCC_WARN_64_TO_32_BIT_CONVERSION = YES;
				GCC_WARN_ABOUT_RETURN_TYPE = YES_ERROR;
				GCC_WARN_UNDECLARED_SELECTOR = YES;
				GCC_WARN_UNINITIALIZED_AUTOS = YES_AGGRESSIVE;
				GCC_WARN_UNUSED_FUNCTION = YES;
				GCC_WARN_UNUSED_VARIABLE = YES;
				IPHONEOS_DEPLOYMENT_TARGET = 8.0;
				MTL_ENABLE_DEBUG_INFO = YES;
				ONLY_ACTIVE_ARCH = YES;
				SDKROOT = iphoneos;
				SWIFT_OPTIMIZATION_LEVEL = "-Onone";
				TARGETED_DEVICE_FAMILY = "1,2";
			};
			name = Debug;
		};
		029880E11AD21ED80015CEB7 /* Release */ = {
			isa = XCBuildConfiguration;
			buildSettings = {
				ALWAYS_SEARCH_USER_PATHS = NO;
				CLANG_CXX_LANGUAGE_STANDARD = "gnu++0x";
				CLANG_CXX_LIBRARY = "libc++";
				CLANG_ENABLE_MODULES = YES;
				CLANG_ENABLE_OBJC_ARC = YES;
				CLANG_WARN_BOOL_CONVERSION = YES;
				CLANG_WARN_CONSTANT_CONVERSION = YES;
				CLANG_WARN_DIRECT_OBJC_ISA_USAGE = YES_ERROR;
				CLANG_WARN_EMPTY_BODY = YES;
				CLANG_WARN_ENUM_CONVERSION = YES;
				CLANG_WARN_INT_CONVERSION = YES;
				CLANG_WARN_OBJC_ROOT_CLASS = YES_ERROR;
				CLANG_WARN_UNREACHABLE_CODE = YES;
				CLANG_WARN__DUPLICATE_METHOD_MATCH = YES;
				"CODE_SIGN_IDENTITY[sdk=iphoneos*]" = "iPhone Developer";
				COPY_PHASE_STRIP = NO;
				ENABLE_NS_ASSERTIONS = NO;
				ENABLE_STRICT_OBJC_MSGSEND = YES;
				GCC_C_LANGUAGE_STANDARD = gnu99;
				GCC_WARN_64_TO_32_BIT_CONVERSION = YES;
				GCC_WARN_ABOUT_RETURN_TYPE = YES_ERROR;
				GCC_WARN_UNDECLARED_SELECTOR = YES;
				GCC_WARN_UNINITIALIZED_AUTOS = YES_AGGRESSIVE;
				GCC_WARN_UNUSED_FUNCTION = YES;
				GCC_WARN_UNUSED_VARIABLE = YES;
				IPHONEOS_DEPLOYMENT_TARGET = 8.0;
				MTL_ENABLE_DEBUG_INFO = NO;
				SDKROOT = iphoneos;
				TARGETED_DEVICE_FAMILY = "1,2";
				VALIDATE_PRODUCT = YES;
			};
			name = Release;
		};
		029880E31AD21ED80015CEB7 /* Debug */ = {
			isa = XCBuildConfiguration;
			baseConfigurationReference = 2E4FD07D44D8F06036A412C4 /* Pods.debug.xcconfig */;
			buildSettings = {
				ASSETCATALOG_COMPILER_APPICON_NAME = AppIcon;
				CODE_SIGN_IDENTITY = "iPhone Developer";
				INFOPLIST_FILE = YoutubePlayer/Info.plist;
				LD_RUNPATH_SEARCH_PATHS = "$(inherited) @executable_path/Frameworks";
				PRODUCT_NAME = "$(TARGET_NAME)";
			};
			name = Debug;
		};
		029880E41AD21ED80015CEB7 /* Release */ = {
			isa = XCBuildConfiguration;
			baseConfigurationReference = 1AD0A01181C84118EB5319C3 /* Pods.release.xcconfig */;
			buildSettings = {
				ASSETCATALOG_COMPILER_APPICON_NAME = AppIcon;
				CODE_SIGN_IDENTITY = "iPhone Developer";
				INFOPLIST_FILE = YoutubePlayer/Info.plist;
				LD_RUNPATH_SEARCH_PATHS = "$(inherited) @executable_path/Frameworks";
				PRODUCT_NAME = "$(TARGET_NAME)";
			};
			name = Release;
		};
		029880E61AD21ED80015CEB7 /* Debug */ = {
			isa = XCBuildConfiguration;
			buildSettings = {
				BUNDLE_LOADER = "$(TEST_HOST)";
				FRAMEWORK_SEARCH_PATHS = (
					"$(SDKROOT)/Developer/Library/Frameworks",
					"$(inherited)",
				);
				GCC_PREPROCESSOR_DEFINITIONS = (
					"DEBUG=1",
					"$(inherited)",
				);
				INFOPLIST_FILE = YoutubePlayerTests/Info.plist;
				LD_RUNPATH_SEARCH_PATHS = "$(inherited) @executable_path/Frameworks @loader_path/Frameworks";
				PRODUCT_NAME = "$(TARGET_NAME)";
				TEST_HOST = "$(BUILT_PRODUCTS_DIR)/YoutubePlayer.app/YoutubePlayer";
			};
			name = Debug;
		};
		029880E71AD21ED80015CEB7 /* Release */ = {
			isa = XCBuildConfiguration;
			buildSettings = {
				BUNDLE_LOADER = "$(TEST_HOST)";
				FRAMEWORK_SEARCH_PATHS = (
					"$(SDKROOT)/Developer/Library/Frameworks",
					"$(inherited)",
				);
				INFOPLIST_FILE = YoutubePlayerTests/Info.plist;
				LD_RUNPATH_SEARCH_PATHS = "$(inherited) @executable_path/Frameworks @loader_path/Frameworks";
				PRODUCT_NAME = "$(TARGET_NAME)";
				TEST_HOST = "$(BUILT_PRODUCTS_DIR)/YoutubePlayer.app/YoutubePlayer";
			};
			name = Release;
		};
/* End XCBuildConfiguration section */

/* Begin XCConfigurationList section */
		029880BE1AD21ED70015CEB7 /* Build configuration list for PBXProject "YoutubePlayer" */ = {
			isa = XCConfigurationList;
			buildConfigurations = (
				029880E01AD21ED80015CEB7 /* Debug */,
				029880E11AD21ED80015CEB7 /* Release */,
			);
			defaultConfigurationIsVisible = 0;
			defaultConfigurationName = Release;
		};
		029880E21AD21ED80015CEB7 /* Build configuration list for PBXNativeTarget "YoutubePlayer" */ = {
			isa = XCConfigurationList;
			buildConfigurations = (
				029880E31AD21ED80015CEB7 /* Debug */,
				029880E41AD21ED80015CEB7 /* Release */,
			);
			defaultConfigurationIsVisible = 0;
			defaultConfigurationName = Release;
		};
		029880E51AD21ED80015CEB7 /* Build configuration list for PBXNativeTarget "YoutubePlayerTests" */ = {
			isa = XCConfigurationList;
			buildConfigurations = (
				029880E61AD21ED80015CEB7 /* Debug */,
				029880E71AD21ED80015CEB7 /* Release */,
			);
			defaultConfigurationIsVisible = 0;
			defaultConfigurationName = Release;
		};
/* End XCConfigurationList section */
	};
	rootObject = 029880BB1AD21ED70015CEB7 /* Project object */;
}
